
Microsoft Visual Studio Solution File, Format Version 12.00
# Visual Studio Version 17
VisualStudioVersion = 17.4.33403.182
MinimumVisualStudioVersion = 10.0.40219.1
Project("{9A19103F-16F7-4668-BE54-9A1E7A4F7556}") = "AvaloniaDataGrid", "AvaloniaDataGrid\AvaloniaDataGrid.csproj", "{57D338A1-1E79-423A-B575-5E8A12FA8BA9}"
EndProject
Project("{FAE04EC0-301F-11D3-BF4B-00C04F79EFBC}") = "AvaloniaTreeDataGrid", "AvaloniaTreeDataGrid\AvaloniaTreeDataGrid.csproj", "{7BB9F196-8EC3-424E-AAB0-32546ED0498D}"
EndProject
Global
	GlobalSection(SolutionConfigurationPlatforms) = preSolution
		Debug|Any CPU = Debug|Any CPU
		Release|Any CPU = Release|Any CPU
	EndGlobalSection
	GlobalSection(ProjectConfigurationPlatforms) = postSolution
		{57D338A1-1E79-423A-B575-5E8A12FA8BA9}.Debug|Any CPU.ActiveCfg = Debug|Any CPU
		{57D338A1-1E79-423A-B575-5E8A12FA8BA9}.Debug|Any CPU.Build.0 = Debug|Any CPU
		{57D338A1-1E79-423A-B575-5E8A12FA8BA9}.Release|Any CPU.ActiveCfg = Release|Any CPU
		{57D338A1-1E79-423A-B575-5E8A12FA8BA9}.Release|Any CPU.Build.0 = Release|Any CPU
		{7BB9F196-8EC3-424E-AAB0-32546ED0498D}.Debug|Any CPU.ActiveCfg = Debug|Any CPU
		{7BB9F196-8EC3-424E-AAB0-32546ED0498D}.Debug|Any CPU.Build.0 = Debug|Any CPU
		{7BB9F196-8EC3-424E-AAB0-32546ED0498D}.Release|Any CPU.ActiveCfg = Release|Any CPU
		{7BB9F196-8EC3-424E-AAB0-32546ED0498D}.Release|Any CPU.Build.0 = Release|Any CPU
	EndGlobalSection
	GlobalSection(SolutionProperties) = preSolution
		HideSolutionNode = FALSE
	EndGlobalSection
	GlobalSection(ExtensibilityGlobals) = postSolution
		SolutionGuid = {4958C024-7C0D-430C-B34D-D732CEADC513}
	EndGlobalSection
EndGlobal
